
Microsoft Visual Studio Solution File, Format Version 12.00
# Visual Studio Version 17
VisualStudioVersion = 17.7.34221.43
MinimumVisualStudioVersion = 10.0.40219.1
Project("{FAE04EC0-301F-11D3-BF4B-00C04F79EFBC}") = "Storing Teachers record", "Storing Teachers record\Storing Teachers record.csproj", "{7C420C90-A995-489F-940B-186C8E05E8D7}"
EndProject
Global
	GlobalSection(SolutionConfigurationPlatforms) = preSolution
		Debug|Any CPU = Debug|Any CPU
		Release|Any CPU = Release|Any CPU
	EndGlobalSection
	GlobalSection(ProjectConfigurationPlatforms) = postSolution
		{7C420C90-A995-489F-940B-186C8E05E8D7}.Debug|Any CPU.ActiveCfg = Debug|Any CPU
		{7C420C90-A995-489F-940B-186C8E05E8D7}.Debug|Any CPU.Build.0 = Debug|Any CPU
		{7C420C90-A995-489F-940B-186C8E05E8D7}.Release|Any CPU.ActiveCfg = Release|Any CPU
		{7C420C90-A995-489F-940B-186C8E05E8D7}.Release|Any CPU.Build.0 = Release|Any CPU
	EndGlobalSection
	GlobalSection(SolutionProperties) = preSolution
		HideSolutionNode = FALSE
	EndGlobalSection
	GlobalSection(ExtensibilityGlobals) = postSolution
		SolutionGuid = {AC2F575B-70A8-4C4B-8657-B991144909F9}
	EndGlobalSection
EndGlobal
